Microsoft Visual Studio Solution File, Format Version 12.00
# Visual Studio Version 17
VisualStudioVersion = 17.5.2.0
MinimumVisualStudioVersion = 10.0.40219.1
Project("{FAE04EC0-301F-11D3-BF4B-00C04F79EFBC}") = "AccountRegistrationApiDemo", "AccountRegistrationApiDemo.csproj", "{C632F378-E978-073B-5D6A-CE7C78707A44}"
EndProject
Global
	GlobalSection(SolutionConfigurationPlatforms) = preSolution
		Debug|Any CPU = Debug|Any CPU
		Release|Any CPU = Release|Any CPU
	EndGlobalSection
	GlobalSection(ProjectConfigurationPlatforms) = postSolution
		{C632F378-E978-073B-5D6A-CE7C78707A44}.Debug|Any CPU.ActiveCfg = Debug|Any CPU
		{C632F378-E978-073B-5D6A-CE7C78707A44}.Debug|Any CPU.Build.0 = Debug|Any CPU
		{C632F378-E978-073B-5D6A-CE7C78707A44}.Release|Any CPU.ActiveCfg = Release|Any CPU
		{C632F378-E978-073B-5D6A-CE7C78707A44}.Release|Any CPU.Build.0 = Release|Any CPU
	EndGlobalSection
	GlobalSection(SolutionProperties) = preSolution
		HideSolutionNode = FALSE
	EndGlobalSection
	GlobalSection(ExtensibilityGlobals) = postSolution
		SolutionGuid = {C31F8457-08D2-446B-A12F-6104DF6C3C94}
	EndGlobalSection
EndGlobal
